
Microsoft Visual Studio Solution File, Format Version 12.00
# Visual Studio Version 17
VisualStudioVersion = 17.11.35303.130
MinimumVisualStudioVersion = 10.0.40219.1
Project("{FAE04EC0-301F-11D3-BF4B-00C04F79EFBC}") = "InternetShop.Database", "InternetShop.Database\InternetShop.Database.csproj", "{64B08296-6D66-400F-8EEC-B97565CB7507}"
EndProject
Project("{FAE04EC0-301F-11D3-BF4B-00C04F79EFBC}") = "InternetShop.Domain", "InternetShop.Domain\InternetShop.Domain.csproj", "{7FCD9C62-CAFC-4D5E-977C-BD0B1A2A375B}"
EndProject
Project("{FAE04EC0-301F-11D3-BF4B-00C04F79EFBC}") = "InternetShop.Api", "InternetShop.Api\InternetShop.Api.csproj", "{A09598C4-669A-4DCC-A2BD-C67E16DD7921}"
EndProject
Project("{FAE04EC0-301F-11D3-BF4B-00C04F79EFBC}") = "InternetShop.Services", "InternetShop.Services\InternetShop.Services.csproj", "{4918BEB0-EF77-4C2A-9CAB-316587AA2A9C}"
EndProject
Global
	GlobalSection(SolutionConfigurationPlatforms) = preSolution
		Debug|Any CPU = Debug|Any CPU
		Release|Any CPU = Release|Any CPU
	EndGlobalSection
	GlobalSection(ProjectConfigurationPlatforms) = postSolution
		{64B08296-6D66-400F-8EEC-B97565CB7507}.Debug|Any CPU.ActiveCfg = Debug|Any CPU
		{64B08296-6D66-400F-8EEC-B97565CB7507}.Debug|Any CPU.Build.0 = Debug|Any CPU
		{64B08296-6D66-400F-8EEC-B97565CB7507}.Release|Any CPU.ActiveCfg = Release|Any CPU
		{64B08296-6D66-400F-8EEC-B97565CB7507}.Release|Any CPU.Build.0 = Release|Any CPU
		{7FCD9C62-CAFC-4D5E-977C-BD0B1A2A375B}.Debug|Any CPU.ActiveCfg = Debug|Any CPU
		{7FCD9C62-CAFC-4D5E-977C-BD0B1A2A375B}.Debug|Any CPU.Build.0 = Debug|Any CPU
		{7FCD9C62-CAFC-4D5E-977C-BD0B1A2A375B}.Release|Any CPU.ActiveCfg = Release|Any CPU
		{7FCD9C62-CAFC-4D5E-977C-BD0B1A2A375B}.Release|Any CPU.Build.0 = Release|Any CPU
		{A09598C4-669A-4DCC-A2BD-C67E16DD7921}.Debug|Any CPU.ActiveCfg = Debug|Any CPU
		{A09598C4-669A-4DCC-A2BD-C67E16DD7921}.Debug|Any CPU.Build.0 = Debug|Any CPU
		{A09598C4-669A-4DCC-A2BD-C67E16DD7921}.Release|Any CPU.ActiveCfg = Release|Any CPU
		{A09598C4-669A-4DCC-A2BD-C67E16DD7921}.Release|Any CPU.Build.0 = Release|Any CPU
		{4918BEB0-EF77-4C2A-9CAB-316587AA2A9C}.Debug|Any CPU.ActiveCfg = Debug|Any CPU
		{4918BEB0-EF77-4C2A-9CAB-316587AA2A9C}.Debug|Any CPU.Build.0 = Debug|Any CPU
		{4918BEB0-EF77-4C2A-9CAB-316587AA2A9C}.Release|Any CPU.ActiveCfg = Release|Any CPU
		{4918BEB0-EF77-4C2A-9CAB-316587AA2A9C}.Release|Any CPU.Build.0 = Release|Any CPU
	EndGlobalSection
	GlobalSection(SolutionProperties) = preSolution
		HideSolutionNode = FALSE
	EndGlobalSection
	GlobalSection(ExtensibilityGlobals) = postSolution
		SolutionGuid = {E18F2462-7DEA-41F7-A900-8026C5D8103F}
	EndGlobalSection
EndGlobal
